// !$*UTF8*$!
{
	archiveVersion = 1;
	classes = {
	};
	objectVersion = 50;
	objects = {

/* Begin PBXBuildFile section */
		1F8BBB2D22C0478C005205EF /* AppDelegate.swift in Sources */ = {isa = PBXBuildFile; fileRef = 1F8BBB2C22C0478C005205EF /* AppDelegate.swift */; };
		1F8BBB2F22C0478C005205EF /* ViewController.swift in Sources */ = {isa = PBXBuildFile; fileRef = 1F8BBB2E22C0478C005205EF /* ViewController.swift */; };
		1F8BBB3422C0478D005205EF /* Assets.xcassets in Resources */ = {isa = PBXBuildFile; fileRef = 1F8BBB3322C0478D005205EF /* Assets.xcassets */; };
		1F8BBB3722C0478D005205EF /* LaunchScreen.storyboard in Resources */ = {isa = PBXBuildFile; fileRef = 1F8BBB3522C0478D005205EF /* LaunchScreen.storyboard */; };
		1FECDEB622C04910002D9782 /* MainTabBarController.swift in Sources */ = {isa = PBXBuildFile; fileRef = 1FECDEB522C04910002D9782 /* MainTabBarController.swift */; };
		1FECDEB822C049CE002D9782 /* MainNavigationController.swift in Sources */ = {isa = PBXBuildFile; fileRef = 1FECDEB722C049CE002D9782 /* MainNavigationController.swift */; };
		1FECDEBA22C04A27002D9782 /* MainViewController.swift in Sources */ = {isa = PBXBuildFile; fileRef = 1FECDEB922C04A27002D9782 /* MainViewController.swift */; };
		1FECDEBC22C04AAD002D9782 /* DetailViewController.swift in Sources */ = {isa = PBXBuildFile; fileRef = 1FECDEBB22C04AAD002D9782 /* DetailViewController.swift */; };
		1FECDEBE22C04B03002D9782 /* SecondaryViewController.swift in Sources */ = {isa = PBXBuildFile; fileRef = 1FECDEBD22C04B03002D9782 /* SecondaryViewController.swift */; };
/* End PBXBuildFile section */

/* Begin PBXFileReference section */
		1F8BBB2922C0478C005205EF /* ViewsWithoutStoryboard.app */ = {isa = PBXFileReference; explicitFileType = wrapper.application; includeInIndex = 0; path = ViewsWithoutStoryboard.app; sourceTree = BUILT_PRODUCTS_DIR; };
		1F8BBB2C22C0478C005205EF /* AppDelegate.swift */ = {isa = PBXFileReference; lastKnownFileType = sourcecode.swift; path = AppDelegate.swift; sourceTree = "<group>"; };
		1F8BBB2E22C0478C005205EF /* ViewController.swift */ = {isa = PBXFileReference; lastKnownFileType = sourcecode.swift; path = ViewController.swift; sourceTree = "<group>"; };
		1F8BBB3322C0478D005205EF /* Assets.xcassets */ = {isa = PBXFileReference; lastKnownFileType = folder.assetcatalog; path = Assets.xcassets; sourceTree = "<group>"; };
		1F8BBB3622C0478D005205EF /* Base */ = {isa = PBXFileReference; lastKnownFileType = file.storyboard; name = Base; path = Base.lproj/LaunchScreen.storyboard; sourceTree = "<group>"; };
		1F8BBB3822C0478D005205EF /* Info.plist */ = {isa = PBXFileReference; lastKnownFileType = text.plist.xml; path = Info.plist; sourceTree = "<group>"; };
		1FECDEB522C04910002D9782 /* MainTabBarController.swift */ = {isa = PBXFileReference; lastKnownFileType = sourcecode.swift; path = MainTabBarController.swift; sourceTree = "<group>"; };
		1FECDEB722C049CE002D9782 /* MainNavigationController.swift */ = {isa = PBXFileReference; lastKnownFileType = sourcecode.swift; path = MainNavigationController.swift; sourceTree = "<group>"; };
		1FECDEB922C04A27002D9782 /* MainViewController.swift */ = {isa = PBXFileReference; lastKnownFileType = sourcecode.swift; path = MainViewController.swift; sourceTree = "<group>"; };
		1FECDEBB22C04AAD002D9782 /* DetailViewController.swift */ = {isa = PBXFileReference; lastKnownFileType = sourcecode.swift; path = DetailViewController.swift; sourceTree = "<group>"; };
		1FECDEBD22C04B03002D9782 /* SecondaryViewController.swift */ = {isa = PBXFileReference; lastKnownFileType = sourcecode.swift; path = SecondaryViewController.swift; sourceTree = "<group>"; };
/* End PBXFileReference section */

/* Begin PBXFrameworksBuildPhase section */
		1F8BBB2622C0478C005205EF /* Frameworks */ = {
			isa = PBXFrameworksBuildPhase;
			buildActionMask = 2147483647;
			files = (
			);
			runOnlyForDeploymentPostprocessing = 0;
		};
/* End PBXFrameworksBuildPhase section */

/* Begin PBXGroup section */
		1F8BBB2022C0478C005205EF = {
			isa = PBXGroup;
			children = (
				1F8BBB2B22C0478C005205EF /* ViewsWithoutStoryboard */,
				1F8BBB2A22C0478C005205EF /* Products */,
			);
			sourceTree = "<group>";
		};
		1F8BBB2A22C0478C005205EF /* Products */ = {
			isa = PBXGroup;
			children = (
				1F8BBB2922C0478C005205EF /* ViewsWithoutStoryboard.app */,
			);
			name = Products;
			sourceTree = "<group>";
		};
		1F8BBB2B22C0478C005205EF /* ViewsWithoutStoryboard */ = {
			isa = PBXGroup;
			children = (
				1F8BBB2C22C0478C005205EF /* AppDelegate.swift */,
				1F8BBB2E22C0478C005205EF /* ViewController.swift */,
				1F8BBB3322C0478D005205EF /* Assets.xcassets */,
				1F8BBB3522C0478D005205EF /* LaunchScreen.storyboard */,
				1F8BBB3822C0478D005205EF /* Info.plist */,
				1FECDEB522C04910002D9782 /* MainTabBarController.swift */,
				1FECDEB722C049CE002D9782 /* MainNavigationController.swift */,
				1FECDEB922C04A27002D9782 /* MainViewController.swift */,
				1FECDEBB22C04AAD002D9782 /* DetailViewController.swift */,
				1FECDEBD22C04B03002D9782 /* SecondaryViewController.swift */,
			);
			path = ViewsWithoutStoryboard;
			sourceTree = "<group>";
		};
/* End PBXGroup section */

/* Begin PBXNativeTarget section */
		1F8BBB2822C0478C005205EF /* ViewsWithoutStoryboard */ = {
			isa = PBXNativeTarget;
			buildConfigurationList = 1F8BBB3B22C0478D005205EF /* Build configuration list for PBXNativeTarget "ViewsWithoutStoryboard" */;
			buildPhases = (
				1F8BBB2522C0478C005205EF /* Sources */,
				1F8BBB2622C0478C005205EF /* Frameworks */,
				1F8BBB2722C0478C005205EF /* Resources */,
			);
			buildRules = (
			);
			dependencies = (
			);
			name = ViewsWithoutStoryboard;
			productName = ViewsWithoutStoryboard;
			productReference = 1F8BBB2922C0478C005205EF /* ViewsWithoutStoryboard.app */;
			productType = "com.apple.product-type.application";
		};
/* End PBXNativeTarget section */

/* Begin PBXProject section */
		1F8BBB2122C0478C005205EF /* Project object */ = {
			isa = PBXProject;
			attributes = {
				LastSwiftUpdateCheck = 1020;
				LastUpgradeCheck = 1020;
				ORGANIZATIONNAME = Academy;
				TargetAttributes = {
					1F8BBB2822C0478C005205EF = {
						CreatedOnToolsVersion = 10.2.1;
					};
				};
			};
			buildConfigurationList = 1F8BBB2422C0478C005205EF /* Build configuration list for PBXProject "ViewsWithoutStoryboard" */;
			compatibilityVersion = "Xcode 9.3";
			developmentRegion = en;
			hasScannedForEncodings = 0;
			knownRegions = (
				en,
				Base,
			);
			mainGroup = 1F8BBB2022C0478C005205EF;
			productRefGroup = 1F8BBB2A22C0478C005205EF /* Products */;
			projectDirPath = "";
			projectRoot = "";
			targets = (
				1F8BBB2822C0478C005205EF /* ViewsWithoutStoryboard */,
			);
		};
/* End PBXProject section */

/* Begin PBXResourcesBuildPhase section */
		1F8BBB2722C0478C005205EF /* Resources */ = {
			isa = PBXResourcesBuildPhase;
			buildActionMask = 2147483647;
			files = (
				1F8BBB3722C0478D005205EF /* LaunchScreen.storyboard in Resources */,
				1F8BBB3422C0478D005205EF /* Assets.xcassets in Resources */,
			);
			runOnlyForDeploymentPostprocessing = 0;
		};
/* End PBXResourcesBuildPhase section */

/* Begin PBXSourcesBuildPhase section */
		1F8BBB2522C0478C005205EF /* Sources */ = {
			isa = PBXSourcesBuildPhase;
			buildActionMask = 2147483647;
			files = (
				1F8BBB2F22C0478C005205EF /* ViewController.swift in Sources */,
				1F8BBB2D22C0478C005205EF /* AppDelegate.swift in Sources */,
				1FECDEB822C049CE002D9782 /* MainNavigationController.swift in Sources */,
				1FECDEBC22C04AAD002D9782 /* DetailViewController.swift in Sources */,
				1FECDEB622C04910002D9782 /* MainTabBarController.swift in Sources */,
				1FECDEBE22C04B03002D9782 /* SecondaryViewController.swift in Sources */,
				1FECDEBA22C04A27002D9782 /* MainViewController.swift in Sources */,
			);
			runOnlyForDeploymentPostprocessing = 0;
		};
/* End PBXSourcesBuildPhase section */

/* Begin PBXVariantGroup section */
		1F8BBB3522C0478D005205EF /* LaunchScreen.storyboard */ = {
			isa = PBXVariantGroup;
			children = (
				1F8BBB3622C0478D005205EF /* Base */,
			);
			name = LaunchScreen.storyboard;
			sourceTree = "<group>";
		};
/* End PBXVariantGroup section */

/* Begin XCBuildConfiguration section */
		1F8BBB3922C0478D005205EF /* Debug */ = {
			isa = XCBuildConfiguration;
			buildSettings = {
				ALWAYS_SEARCH_USER_PATHS = NO;
				CLANG_ANALYZER_NONNULL = YES;
				CLANG_ANALYZER_NUMBER_OBJECT_CONVERSION = YES_AGGRESSIVE;
				CLANG_CXX_LANGUAGE_STANDARD = "gnu++14";
				CLANG_CXX_LIBRARY = "libc++";
				CLANG_ENABLE_MODULES = YES;
				CLANG_ENABLE_OBJC_ARC = YES;
				CLANG_ENABLE_OBJC_WEAK = YES;
				CLANG_WARN_BLOCK_CAPTURE_AUTORELEASING = YES;
				CLANG_WARN_BOOL_CONVERSION = YES;
				CLANG_WARN_COMMA = YES;
				CLANG_WARN_CONSTANT_CONVERSION = YES;
				CLANG_WARN_DEPRECATED_OBJC_IMPLEMENTATIONS = YES;
				CLANG_WARN_DIRECT_OBJC_ISA_USAGE = YES_ERROR;
				CLANG_WARN_DOCUMENTATION_COMMENTS = YES;
				CLANG_WARN_EMPTY_BODY = YES;
				CLANG_WARN_ENUM_CONVERSION = YES;
				CLANG_WARN_INFINITE_RECURSION = YES;
				CLANG_WARN_INT_CONVERSION = YES;
				CLANG_WARN_NON_LITERAL_NULL_CONVERSION = YES;
				CLANG_WARN_OBJC_IMPLICIT_RETAIN_SELF = YES;
				CLANG_WARN_OBJC_LITERAL_CONVERSION = YES;
				CLANG_WARN_OBJC_ROOT_CLASS = YES_ERROR;
				CLANG_WARN_RANGE_LOOP_ANALYSIS = YES;
				CLANG_WARN_STRICT_PROTOTYPES = YES;
				CLANG_WARN_SUSPICIOUS_MOVE = YES;
				CLANG_WARN_UNGUARDED_AVAILABILITY = YES_AGGRESSIVE;
				CLANG_WARN_UNREACHABLE_CODE = YES;
				CLANG_WARN__DUPLICATE_METHOD_MATCH = YES;
				CODE_SIGN_IDENTITY = "iPhone Developer";
				COPY_PHASE_STRIP = NO;
				DEBUG_INFORMATION_FORMAT = dwarf;
				ENABLE_STRICT_OBJC_MSGSEND = YES;
				ENABLE_TESTABILITY = YES;
				GCC_C_LANGUAGE_STANDARD = gnu11;
				GCC_DYNAMIC_NO_PIC = NO;
				GCC_NO_COMMON_BLOCKS = YES;
				GCC_OPTIMIZATION_LEVEL = 0;
				GCC_PREPROCESSOR_DEFINITIONS = (
					"DEBUG=1",
					"$(inherited)",
				);
				GCC_WARN_64_TO_32_BIT_CONVERSION = YES;
				GCC_WARN_ABOUT_RETURN_TYPE = YES_ERROR;
				GCC_WARN_UNDECLARED_SELECTOR = YES;
				GCC_WARN_UNINITIALIZED_AUTOS = YES_AGGRESSIVE;
				GCC_WARN_UNUSED_FUNCTION = YES;
				GCC_WARN_UNUSED_VARIABLE = YES;
				IPHONEOS_DEPLOYMENT_TARGET = 12.2;
				MTL_ENABLE_DEBUG_INFO = INCLUDE_SOURCE;
				MTL_FAST_MATH = YES;
				ONLY_ACTIVE_ARCH = YES;
				SDKROOT = iphoneos;
				SWIFT_ACTIVE_COMPILATION_CONDITIONS = DEBUG;
				SWIFT_OPTIMIZATION_LEVEL = "-Onone";
			};
			name = Debug;
		};
		1F8BBB3A22C0478D005205EF /* Release */ = {
			isa = XCBuildConfiguration;
			buildSettings = {
				ALWAYS_SEARCH_USER_PATHS = NO;
				CLANG_ANALYZER_NONNULL = YES;
				CLANG_ANALYZER_NUMBER_OBJECT_CONVERSION = YES_AGGRESSIVE;
				CLANG_CXX_LANGUAGE_STANDARD = "gnu++14";
				CLANG_CXX_LIBRARY = "libc++";
				CLANG_ENABLE_MODULES = YES;
				CLANG_ENABLE_OBJC_ARC = YES;
				CLANG_ENABLE_OBJC_WEAK = YES;
				CLANG_WARN_BLOCK_CAPTURE_AUTORELEASING = YES;
				CLANG_WARN_BOOL_CONVERSION = YES;
				CLANG_WARN_COMMA = YES;
				CLANG_WARN_CONSTANT_CONVERSION = YES;
				CLANG_WARN_DEPRECATED_OBJC_IMPLEMENTATIONS = YES;
				CLANG_WARN_DIRECT_OBJC_ISA_USAGE = YES_ERROR;
				CLANG_WARN_DOCUMENTATION_COMMENTS = YES;
				CLANG_WARN_EMPTY_BODY = YES;
				CLANG_WARN_ENUM_CONVERSION = YES;
				CLANG_WARN_INFINITE_RECURSION = YES;
				CLANG_WARN_INT_CONVERSION = YES;
				CLANG_WARN_NON_LITERAL_NULL_CONVERSION = YES;
				CLANG_WARN_OBJC_IMPLICIT_RETAIN_SELF = YES;
				CLANG_WARN_OBJC_LITERAL_CONVERSION = YES;
				CLANG_WARN_OBJC_ROOT_CLASS = YES_ERROR;
				CLANG_WARN_RANGE_LOOP_ANALYSIS = YES;
				CLANG_WARN_STRICT_PROTOTYPES = YES;
				CLANG_WARN_SUSPICIOUS_MOVE = YES;
				CLANG_WARN_UNGUARDED_AVAILABILITY = YES_AGGRESSIVE;
				CLANG_WARN_UNREACHABLE_CODE = YES;
				CLANG_WARN__DUPLICATE_METHOD_MATCH = YES;
				CODE_SIGN_IDENTITY = "iPhone Developer";
				COPY_PHASE_STRIP = NO;
				DEBUG_INFORMATION_FORMAT = "dwarf-with-dsym";
				ENABLE_NS_ASSERTIONS = NO;
				ENABLE_STRICT_OBJC_MSGSEND = YES;
				GCC_C_LANGUAGE_STANDARD = gnu11;
				GCC_NO_COMMON_BLOCKS = YES;
				GCC_WARN_64_TO_32_BIT_CONVERSION = YES;
				GCC_WARN_ABOUT_RETURN_TYPE = YES_ERROR;
				GCC_WARN_UNDECLARED_SELECTOR = YES;
				GCC_WARN_UNINITIALIZED_AUTOS = YES_AGGRESSIVE;
				GCC_WARN_UNUSED_FUNCTION = YES;
				GCC_WARN_UNUSED_VARIABLE = YES;
				IPHONEOS_DEPLOYMENT_TARGET = 12.2;
				MTL_ENABLE_DEBUG_INFO = NO;
				MTL_FAST_MATH = YES;
				SDKROOT = iphoneos;
				SWIFT_COMPILATION_MODE = wholemodule;
				SWIFT_OPTIMIZATION_LEVEL = "-O";
				VALIDATE_PRODUCT = YES;
			};
			name = Release;
		};
		1F8BBB3C22C0478D005205EF /* Debug */ = {
			isa = XCBuildConfiguration;
			buildSettings = {
				ASSETCATALOG_COMPILER_APPICON_NAME = AppIcon;
				CODE_SIGN_STYLE = Automatic;
				DEVELOPMENT_TEAM = T9WDNLZLLU;
				INFOPLIST_FILE = ViewsWithoutStoryboard/Info.plist;
				LD_RUNPATH_SEARCH_PATHS = (
					"$(inherited)",
					"@executable_path/Frameworks",
				);
				PRODUCT_BUNDLE_IDENTIFIER = com.academy.ViewsWithoutStoryboard;
				PRODUCT_NAME = "$(TARGET_NAME)";
				SWIFT_VERSION = 5.0;
				TARGETED_DEVICE_FAMILY = "1,2";
			};
			name = Debug;
		};
		1F8BBB3D22C0478D005205EF /* Release */ = {
			isa = XCBuildConfiguration;
			buildSettings = {
				ASSETCATALOG_COMPILER_APPICON_NAME = AppIcon;
				CODE_SIGN_STYLE = Automatic;
				DEVELOPMENT_TEAM = T9WDNLZLLU;
				INFOPLIST_FILE = ViewsWithoutStoryboard/Info.plist;
				LD_RUNPATH_SEARCH_PATHS = (
					"$(inherited)",
					"@executable_path/Frameworks",
				);
				PRODUCT_BUNDLE_IDENTIFIER = com.academy.ViewsWithoutStoryboard;
				PRODUCT_NAME = "$(TARGET_NAME)";
				SWIFT_VERSION = 5.0;
				TARGETED_DEVICE_FAMILY = "1,2";
			};
			name = Release;
		};
/* End XCBuildConfiguration section */

/* Begin XCConfigurationList section */
		1F8BBB2422C0478C005205EF /* Build configuration list for PBXProject "ViewsWithoutStoryboard" */ = {
			isa = XCConfigurationList;
			buildConfigurations = (
				1F8BBB3922C0478D005205EF /* Debug */,
				1F8BBB3A22C0478D005205EF /* Release */,
			);
			defaultConfigurationIsVisible = 0;
			defaultConfigurationName = Release;
		};
		1F8BBB3B22C0478D005205EF /* Build configuration list for PBXNativeTarget "ViewsWithoutStoryboard" */ = {
			isa = XCConfigurationList;
			buildConfigurations = (
				1F8BBB3C22C0478D005205EF /* Debug */,
				1F8BBB3D22C0478D005205EF /* Release */,
			);
			defaultConfigurationIsVisible = 0;
			defaultConfigurationName = Release;
		};
/* End XCConfigurationList section */
	};
	rootObject = 1F8BBB2122C0478C005205EF /* Project object */;
}
